
Microsoft Visual Studio Solution File, Format Version 12.00
# Visual Studio Version 16
VisualStudioVersion = 16.0.30621.155
MinimumVisualStudioVersion = 10.0.40219.1
Project("{8BC9CEB8-8B4A-11D0-8D11-00A0C91BC942}") = "c12_4", "c12_4.vcxproj", "{00FBD92E-4FD4-4BEB-B90C-CA7AED42205F}"
EndProject
Global
	GlobalSection(SolutionConfigurationPlatforms) = preSolution
		Debug|x64 = Debug|x64
		Debug|x86 = Debug|x86
		Release|x64 = Release|x64
		Release|x86 = Release|x86
	EndGlobalSection
	GlobalSection(ProjectConfigurationPlatforms) = postSolution
		{00FBD92E-4FD4-4BEB-B90C-CA7AED42205F}.Debug|x64.ActiveCfg = Debug|x64
		{00FBD92E-4FD4-4BEB-B90C-CA7AED42205F}.Debug|x64.Build.0 = Debug|x64
		{00FBD92E-4FD4-4BEB-B90C-CA7AED42205F}.Debug|x86.ActiveCfg = Debug|Win32
		{00FBD92E-4FD4-4BEB-B90C-CA7AED42205F}.Debug|x86.Build.0 = Debug|Win32
		{00FBD92E-4FD4-4BEB-B90C-CA7AED42205F}.Release|x64.ActiveCfg = Release|x64
		{00FBD92E-4FD4-4BEB-B90C-CA7AED42205F}.Release|x64.Build.0 = Release|x64
		{00FBD92E-4FD4-4BEB-B90C-CA7AED42205F}.Release|x86.ActiveCfg = Release|Win32
		{00FBD92E-4FD4-4BEB-B90C-CA7AED42205F}.Release|x86.Build.0 = Release|Win32
	EndGlobalSection
	GlobalSection(SolutionProperties) = preSolution
		HideSolutionNode = FALSE
	EndGlobalSection
	GlobalSection(ExtensibilityGlobals) = postSolution
		SolutionGuid = {9626A417-483F-4432-AE14-5A8A0FF1E6F8}
	EndGlobalSection
EndGlobal
